
Microsoft Visual Studio Solution File, Format Version 12.00
Project("{FAE04EC0-301F-11D3-BF4B-00C04F79EFBC}") = "FplTeamPicker.Api", "FplTeamPicker.Api\FplTeamPicker.Api.csproj", "{5DF480F6-01EA-442E-817E-098700D9AD89}"
EndProject
Project("{FAE04EC0-301F-11D3-BF4B-00C04F79EFBC}") = "FplTeamPicker", "FplTeamPicker\FplTeamPicker.csproj", "{411D572C-5C42-475D-9009-D95534343B8C}"
EndProject
Project("{FAE04EC0-301F-11D3-BF4B-00C04F79EFBC}") = "FplTeamPicker.Tests", "FplTeamPicker.Tests\FplTeamPicker.Tests.csproj", "{1B15E6B8-09E6-41C3-8792-5452B493C5BA}"
EndProject
Global
	GlobalSection(SolutionConfigurationPlatforms) = preSolution
		Debug|Any CPU = Debug|Any CPU
		Release|Any CPU = Release|Any CPU
	EndGlobalSection
	GlobalSection(ProjectConfigurationPlatforms) = postSolution
		{5DF480F6-01EA-442E-817E-098700D9AD89}.Debug|Any CPU.ActiveCfg = Debug|Any CPU
		{5DF480F6-01EA-442E-817E-098700D9AD89}.Debug|Any CPU.Build.0 = Debug|Any CPU
		{5DF480F6-01EA-442E-817E-098700D9AD89}.Release|Any CPU.ActiveCfg = Release|Any CPU
		{5DF480F6-01EA-442E-817E-098700D9AD89}.Release|Any CPU.Build.0 = Release|Any CPU
		{411D572C-5C42-475D-9009-D95534343B8C}.Debug|Any CPU.ActiveCfg = Debug|Any CPU
		{411D572C-5C42-475D-9009-D95534343B8C}.Debug|Any CPU.Build.0 = Debug|Any CPU
		{411D572C-5C42-475D-9009-D95534343B8C}.Release|Any CPU.ActiveCfg = Release|Any CPU
		{411D572C-5C42-475D-9009-D95534343B8C}.Release|Any CPU.Build.0 = Release|Any CPU
		{1B15E6B8-09E6-41C3-8792-5452B493C5BA}.Debug|Any CPU.ActiveCfg = Debug|Any CPU
		{1B15E6B8-09E6-41C3-8792-5452B493C5BA}.Debug|Any CPU.Build.0 = Debug|Any CPU
		{1B15E6B8-09E6-41C3-8792-5452B493C5BA}.Release|Any CPU.ActiveCfg = Release|Any CPU
		{1B15E6B8-09E6-41C3-8792-5452B493C5BA}.Release|Any CPU.Build.0 = Release|Any CPU
	EndGlobalSection
EndGlobal
